// !$*UTF8*$!
{
	archiveVersion = 1;
	classes = {
	};
	objectVersion = 46;
	objects = {

/* Begin PBXBuildFile section */
		B19217BC565E8CFFDFAC89C6 /* Pods_ClientBase.framework in Frameworks */ = {isa = PBXBuildFile; fileRef = 75CF268ABCEC532241B03200 /* Pods_ClientBase.framework */; settings = {ATTRIBUTES = (Weak, ); }; };
		BE3BB7F01B8FC6AF00D6C90D /* AppDelegate.swift in Sources */ = {isa = PBXBuildFile; fileRef = BE3BB7EF1B8FC6AF00D6C90D /* AppDelegate.swift */; };
		BE3BB7F21B8FC6AF00D6C90D /* ViewController.swift in Sources */ = {isa = PBXBuildFile; fileRef = BE3BB7F11B8FC6AF00D6C90D /* ViewController.swift */; };
		BE3BB7F51B8FC6AF00D6C90D /* Main.storyboard in Resources */ = {isa = PBXBuildFile; fileRef = BE3BB7F31B8FC6AF00D6C90D /* Main.storyboard */; };
		BE3BB7F71B8FC6AF00D6C90D /* Images.xcassets in Resources */ = {isa = PBXBuildFile; fileRef = BE3BB7F61B8FC6AF00D6C90D /* Images.xcassets */; };
		BE3BB7FA1B8FC6AF00D6C90D /* LaunchScreen.xib in Resources */ = {isa = PBXBuildFile; fileRef = BE3BB7F81B8FC6AF00D6C90D /* LaunchScreen.xib */; };
		BE3BB8061B8FC6AF00D6C90D /* ClientBaseTests.swift in Sources */ = {isa = PBXBuildFile; fileRef = BE3BB8051B8FC6AF00D6C90D /* ClientBaseTests.swift */; };
		BE3BB83A1B90A4EC00D6C90D /* Post.swift in Sources */ = {isa = PBXBuildFile; fileRef = BE3BB8361B90A4EC00D6C90D /* Post.swift */; };
		BE3BB83B1B90A4EC00D6C90D /* Reddit.swift in Sources */ = {isa = PBXBuildFile; fileRef = BE3BB8371B90A4EC00D6C90D /* Reddit.swift */; };
		BE3BB83C1B90A4EC00D6C90D /* Subreddit.swift in Sources */ = {isa = PBXBuildFile; fileRef = BE3BB8381B90A4EC00D6C90D /* Subreddit.swift */; };
		BE3BB83E1B90A4FA00D6C90D /* PostRestClient.swift in Sources */ = {isa = PBXBuildFile; fileRef = BE3BB83D1B90A4FA00D6C90D /* PostRestClient.swift */; };
		BE3BB8441B90B22200D6C90D /* PostTableViewCell.swift in Sources */ = {isa = PBXBuildFile; fileRef = BE3BB8431B90B22200D6C90D /* PostTableViewCell.swift */; };
		BE3BB84B1B94CC3500D6C90D /* UITableViewExtensions.swift in Sources */ = {isa = PBXBuildFile; fileRef = BE3BB84A1B94CC3500D6C90D /* UITableViewExtensions.swift */; };
/* End PBXBuildFile section */

/* Begin PBXContainerItemProxy section */
		BE3BB8001B8FC6AF00D6C90D /* PBXContainerItemProxy */ = {
			isa = PBXContainerItemProxy;
			containerPortal = BE3BB7E21B8FC6AF00D6C90D /* Project object */;
			proxyType = 1;
			remoteGlobalIDString = BE3BB7E91B8FC6AF00D6C90D;
			remoteInfo = ClientBase;
		};
/* End PBXContainerItemProxy section */

/* Begin PBXFileReference section */
		75CF268ABCEC532241B03200 /* Pods_ClientBase.framework */ = {isa = PBXFileReference; explicitFileType = wrapper.framework; includeInIndex = 0; path = Pods_ClientBase.framework; sourceTree = BUILT_PRODUCTS_DIR; };
		910488C6FDE8A69D19740168 /* Pods-ClientBase.release.xcconfig */ = {isa = PBXFileReference; includeInIndex = 1; lastKnownFileType = text.xcconfig; name = "Pods-ClientBase.release.xcconfig"; path = "Pods/Target Support Files/Pods-ClientBase/Pods-ClientBase.release.xcconfig"; sourceTree = "<group>"; };
		BE3BB7EA1B8FC6AF00D6C90D /* ClientBase.app */ = {isa = PBXFileReference; explicitFileType = wrapper.application; includeInIndex = 0; path = ClientBase.app; sourceTree = BUILT_PRODUCTS_DIR; };
		BE3BB7EE1B8FC6AF00D6C90D /* Info.plist */ = {isa = PBXFileReference; lastKnownFileType = text.plist.xml; path = Info.plist; sourceTree = "<group>"; };
		BE3BB7EF1B8FC6AF00D6C90D /* AppDelegate.swift */ = {isa = PBXFileReference; lastKnownFileType = sourcecode.swift; path = AppDelegate.swift; sourceTree = "<group>"; };
		BE3BB7F11B8FC6AF00D6C90D /* ViewController.swift */ = {isa = PBXFileReference; lastKnownFileType = sourcecode.swift; path = ViewController.swift; sourceTree = "<group>"; };
		BE3BB7F41B8FC6AF00D6C90D /* Base */ = {isa = PBXFileReference; lastKnownFileType = file.storyboard; name = Base; path = Base.lproj/Main.storyboard; sourceTree = "<group>"; };
		BE3BB7F61B8FC6AF00D6C90D /* Images.xcassets */ = {isa = PBXFileReference; lastKnownFileType = folder.assetcatalog; path = Images.xcassets; sourceTree = "<group>"; };
		BE3BB7F91B8FC6AF00D6C90D /* Base */ = {isa = PBXFileReference; lastKnownFileType = file.xib; name = Base; path = Base.lproj/LaunchScreen.xib; sourceTree = "<group>"; };
		BE3BB7FF1B8FC6AF00D6C90D /* ClientBaseTests.xctest */ = {isa = PBXFileReference; explicitFileType = wrapper.cfbundle; includeInIndex = 0; path = ClientBaseTests.xctest; sourceTree = BUILT_PRODUCTS_DIR; };
		BE3BB8041B8FC6AF00D6C90D /* Info.plist */ = {isa = PBXFileReference; lastKnownFileType = text.plist.xml; path = Info.plist; sourceTree = "<group>"; };
		BE3BB8051B8FC6AF00D6C90D /* ClientBaseTests.swift */ = {isa = PBXFileReference; lastKnownFileType = sourcecode.swift; path = ClientBaseTests.swift; sourceTree = "<group>"; };
		BE3BB8361B90A4EC00D6C90D /* Post.swift */ = {isa = PBXFileReference; fileEncoding = 4; lastKnownFileType = sourcecode.swift; path = Post.swift; sourceTree = "<group>"; };
		BE3BB8371B90A4EC00D6C90D /* Reddit.swift */ = {isa = PBXFileReference; fileEncoding = 4; lastKnownFileType = sourcecode.swift; path = Reddit.swift; sourceTree = "<group>"; };
		BE3BB8381B90A4EC00D6C90D /* Subreddit.swift */ = {isa = PBXFileReference; fileEncoding = 4; lastKnownFileType = sourcecode.swift; path = Subreddit.swift; sourceTree = "<group>"; };
		BE3BB83D1B90A4FA00D6C90D /* PostRestClient.swift */ = {isa = PBXFileReference; fileEncoding = 4; lastKnownFileType = sourcecode.swift; path = PostRestClient.swift; sourceTree = "<group>"; };
		BE3BB8431B90B22200D6C90D /* PostTableViewCell.swift */ = {isa = PBXFileReference; fileEncoding = 4; lastKnownFileType = sourcecode.swift; path = PostTableViewCell.swift; sourceTree = "<group>"; };
		BE3BB84A1B94CC3500D6C90D /* UITableViewExtensions.swift */ = {isa = PBXFileReference; fileEncoding = 4; lastKnownFileType = sourcecode.swift; path = UITableViewExtensions.swift; sourceTree = "<group>"; };
		BF092E7AF7A59A3C0046F414 /* Pods-ClientBase.debug.xcconfig */ = {isa = PBXFileReference; includeInIndex = 1; lastKnownFileType = text.xcconfig; name = "Pods-ClientBase.debug.xcconfig"; path = "Pods/Target Support Files/Pods-ClientBase/Pods-ClientBase.debug.xcconfig"; sourceTree = "<group>"; };
/* End PBXFileReference section */

/* Begin PBXFrameworksBuildPhase section */
		BE3BB7E71B8FC6AF00D6C90D /* Frameworks */ = {
			isa = PBXFrameworksBuildPhase;
			buildActionMask = 2147483647;
			files = (
				B19217BC565E8CFFDFAC89C6 /* Pods_ClientBase.framework in Frameworks */,
			);
			runOnlyForDeploymentPostprocessing = 0;
		};
		BE3BB7FC1B8FC6AF00D6C90D /* Frameworks */ = {
			isa = PBXFrameworksBuildPhase;
			buildActionMask = 2147483647;
			files = (
			);
			runOnlyForDeploymentPostprocessing = 0;
		};
/* End PBXFrameworksBuildPhase section */

/* Begin PBXGroup section */
		36C2A342B84D14FC5382062B /* Pods */ = {
			isa = PBXGroup;
			children = (
				BF092E7AF7A59A3C0046F414 /* Pods-ClientBase.debug.xcconfig */,
				910488C6FDE8A69D19740168 /* Pods-ClientBase.release.xcconfig */,
			);
			name = Pods;
			sourceTree = "<group>";
		};
		BE3BB7E11B8FC6AF00D6C90D = {
			isa = PBXGroup;
			children = (
				BE3BB7EC1B8FC6AF00D6C90D /* ClientBase */,
				BE3BB8021B8FC6AF00D6C90D /* ClientBaseTests */,
				BE3BB7EB1B8FC6AF00D6C90D /* Products */,
				36C2A342B84D14FC5382062B /* Pods */,
				DAC6CDE7C76AEA97423D4501 /* Frameworks */,
			);
			sourceTree = "<group>";
		};
		BE3BB7EB1B8FC6AF00D6C90D /* Products */ = {
			isa = PBXGroup;
			children = (
				BE3BB7EA1B8FC6AF00D6C90D /* ClientBase.app */,
				BE3BB7FF1B8FC6AF00D6C90D /* ClientBaseTests.xctest */,
			);
			name = Products;
			sourceTree = "<group>";
		};
		BE3BB7EC1B8FC6AF00D6C90D /* ClientBase */ = {
			isa = PBXGroup;
			children = (
				BE3BB8491B94CC2400D6C90D /* Extensions */,
				BE3BB8321B90A4EC00D6C90D /* Application */,
				BE3BB8411B90B22200D6C90D /* View */,
				BE3BB7EF1B8FC6AF00D6C90D /* AppDelegate.swift */,
				BE3BB7F11B8FC6AF00D6C90D /* ViewController.swift */,
				BE3BB7F31B8FC6AF00D6C90D /* Main.storyboard */,
				BE3BB7F61B8FC6AF00D6C90D /* Images.xcassets */,
				BE3BB7F81B8FC6AF00D6C90D /* LaunchScreen.xib */,
				BE3BB7ED1B8FC6AF00D6C90D /* Supporting Files */,
			);
			path = ClientBase;
			sourceTree = "<group>";
		};
		BE3BB7ED1B8FC6AF00D6C90D /* Supporting Files */ = {
			isa = PBXGroup;
			children = (
				BE3BB7EE1B8FC6AF00D6C90D /* Info.plist */,
			);
			name = "Supporting Files";
			sourceTree = "<group>";
		};
		BE3BB8021B8FC6AF00D6C90D /* ClientBaseTests */ = {
			isa = PBXGroup;
			children = (
				BE3BB8051B8FC6AF00D6C90D /* ClientBaseTests.swift */,
				BE3BB8031B8FC6AF00D6C90D /* Supporting Files */,
			);
			path = ClientBaseTests;
			sourceTree = "<group>";
		};
		BE3BB8031B8FC6AF00D6C90D /* Supporting Files */ = {
			isa = PBXGroup;
			children = (
				BE3BB8041B8FC6AF00D6C90D /* Info.plist */,
			);
			name = "Supporting Files";
			sourceTree = "<group>";
		};
		BE3BB8321B90A4EC00D6C90D /* Application */ = {
			isa = PBXGroup;
			children = (
				BE3BB8331B90A4EC00D6C90D /* Controllers */,
				BE3BB8341B90A4EC00D6C90D /* Domain */,
				BE3BB8391B90A4EC00D6C90D /* Network */,
			);
			path = Application;
			sourceTree = "<group>";
		};
		BE3BB8331B90A4EC00D6C90D /* Controllers */ = {
			isa = PBXGroup;
			children = (
			);
			path = Controllers;
			sourceTree = "<group>";
		};
		BE3BB8341B90A4EC00D6C90D /* Domain */ = {
			isa = PBXGroup;
			children = (
				BE3BB8351B90A4EC00D6C90D /* Models */,
			);
			path = Domain;
			sourceTree = "<group>";
		};
		BE3BB8351B90A4EC00D6C90D /* Models */ = {
			isa = PBXGroup;
			children = (
				BE3BB8361B90A4EC00D6C90D /* Post.swift */,
				BE3BB8371B90A4EC00D6C90D /* Reddit.swift */,
				BE3BB8381B90A4EC00D6C90D /* Subreddit.swift */,
			);
			path = Models;
			sourceTree = "<group>";
		};
		BE3BB8391B90A4EC00D6C90D /* Network */ = {
			isa = PBXGroup;
			children = (
				BE3BB83D1B90A4FA00D6C90D /* PostRestClient.swift */,
			);
			path = Network;
			sourceTree = "<group>";
		};
		BE3BB8411B90B22200D6C90D /* View */ = {
			isa = PBXGroup;
			children = (
				BE3BB8421B90B22200D6C90D /* Cell */,
			);
			name = View;
			path = Application/View;
			sourceTree = "<group>";
		};
		BE3BB8421B90B22200D6C90D /* Cell */ = {
			isa = PBXGroup;
			children = (
				BE3BB8431B90B22200D6C90D /* PostTableViewCell.swift */,
			);
			path = Cell;
			sourceTree = "<group>";
		};
		BE3BB8491B94CC2400D6C90D /* Extensions */ = {
			isa = PBXGroup;
			children = (
				BE3BB84A1B94CC3500D6C90D /* UITableViewExtensions.swift */,
			);
			path = Extensions;
			sourceTree = "<group>";
		};
		DAC6CDE7C76AEA97423D4501 /* Frameworks */ = {
			isa = PBXGroup;
			children = (
				75CF268ABCEC532241B03200 /* Pods_ClientBase.framework */,
			);
			name = Frameworks;
			sourceTree = "<group>";
		};
/* End PBXGroup section */

/* Begin PBXNativeTarget section */
		BE3BB7E91B8FC6AF00D6C90D /* ClientBase */ = {
			isa = PBXNativeTarget;
			buildConfigurationList = BE3BB8091B8FC6AF00D6C90D /* Build configuration list for PBXNativeTarget "ClientBase" */;
			buildPhases = (
				74F7745A029D10D58809DC27 /* Check Pods Manifest.lock */,
				BE3BB7E61B8FC6AF00D6C90D /* Sources */,
				BE3BB7E71B8FC6AF00D6C90D /* Frameworks */,
				BE3BB7E81B8FC6AF00D6C90D /* Resources */,
				7033A11D2B92307039FC7552 /* Embed Pods Frameworks */,
				8401C1D951A1DCE79AF0B3C6 /* Copy Pods Resources */,
			);
			buildRules = (
			);
			dependencies = (
			);
			name = ClientBase;
			productName = ClientBase;
			productReference = BE3BB7EA1B8FC6AF00D6C90D /* ClientBase.app */;
			productType = "com.apple.product-type.application";
		};
		BE3BB7FE1B8FC6AF00D6C90D /* ClientBaseTests */ = {
			isa = PBXNativeTarget;
			buildConfigurationList = BE3BB80C1B8FC6AF00D6C90D /* Build configuration list for PBXNativeTarget "ClientBaseTests" */;
			buildPhases = (
				BE3BB7FB1B8FC6AF00D6C90D /* Sources */,
				BE3BB7FC1B8FC6AF00D6C90D /* Frameworks */,
				BE3BB7FD1B8FC6AF00D6C90D /* Resources */,
			);
			buildRules = (
			);
			dependencies = (
				BE3BB8011B8FC6AF00D6C90D /* PBXTargetDependency */,
			);
			name = ClientBaseTests;
			productName = ClientBaseTests;
			productReference = BE3BB7FF1B8FC6AF00D6C90D /* ClientBaseTests.xctest */;
			productType = "com.apple.product-type.bundle.unit-test";
		};
/* End PBXNativeTarget section */

/* Begin PBXProject section */
		BE3BB7E21B8FC6AF00D6C90D /* Project object */ = {
			isa = PBXProject;
			attributes = {
				LastUpgradeCheck = 0640;
				ORGANIZATIONNAME = "Klevison Matias";
				TargetAttributes = {
					BE3BB7E91B8FC6AF00D6C90D = {
						CreatedOnToolsVersion = 6.4;
					};
					BE3BB7FE1B8FC6AF00D6C90D = {
						CreatedOnToolsVersion = 6.4;
						TestTargetID = BE3BB7E91B8FC6AF00D6C90D;
					};
				};
			};
			buildConfigurationList = BE3BB7E51B8FC6AF00D6C90D /* Build configuration list for PBXProject "ClientBase" */;
			compatibilityVersion = "Xcode 3.2";
			developmentRegion = English;
			hasScannedForEncodings = 0;
			knownRegions = (
				en,
				Base,
			);
			mainGroup = BE3BB7E11B8FC6AF00D6C90D;
			productRefGroup = BE3BB7EB1B8FC6AF00D6C90D /* Products */;
			projectDirPath = "";
			projectRoot = "";
			targets = (
				BE3BB7E91B8FC6AF00D6C90D /* ClientBase */,
				BE3BB7FE1B8FC6AF00D6C90D /* ClientBaseTests */,
			);
		};
/* End PBXProject section */

/* Begin PBXResourcesBuildPhase section */
		BE3BB7E81B8FC6AF00D6C90D /* Resources */ = {
			isa = PBXResourcesBuildPhase;
			buildActionMask = 2147483647;
			files = (
				BE3BB7F51B8FC6AF00D6C90D /* Main.storyboard in Resources */,
				BE3BB7FA1B8FC6AF00D6C90D /* LaunchScreen.xib in Resources */,
				BE3BB7F71B8FC6AF00D6C90D /* Images.xcassets in Resources */,
			);
			runOnlyForDeploymentPostprocessing = 0;
		};
		BE3BB7FD1B8FC6AF00D6C90D /* Resources */ = {
			isa = PBXResourcesBuildPhase;
			buildActionMask = 2147483647;
			files = (
			);
			runOnlyForDeploymentPostprocessing = 0;
		};
/* End PBXResourcesBuildPhase section */

/* Begin PBXShellScriptBuildPhase section */
		7033A11D2B92307039FC7552 /* Embed Pods Frameworks */ = {
			isa = PBXShellScriptBuildPhase;
			buildActionMask = 2147483647;
			files = (
			);
			inputPaths = (
			);
			name = "Embed Pods Frameworks";
			outputPaths = (
			);
			runOnlyForDeploymentPostprocessing = 0;
			shellPath = /bin/sh;
			shellScript = "\"${SRCROOT}/Pods/Target Support Files/Pods-ClientBase/Pods-ClientBase-frameworks.sh\"\n";
			showEnvVarsInLog = 0;
		};
		74F7745A029D10D58809DC27 /* Check Pods Manifest.lock */ = {
			isa = PBXShellScriptBuildPhase;
			buildActionMask = 2147483647;
			files = (
			);
			inputPaths = (
			);
			name = "Check Pods Manifest.lock";
			outputPaths = (
			);
			runOnlyForDeploymentPostprocessing = 0;
			shellPath = /bin/sh;
			shellScript = "diff \"${PODS_ROOT}/../Podfile.lock\" \"${PODS_ROOT}/Manifest.lock\" > /dev/null\nif [[ $? != 0 ]] ; then\n    cat << EOM\nerror: The sandbox is not in sync with the Podfile.lock. Run 'pod install' or update your CocoaPods installation.\nEOM\n    exit 1\nfi\n";
			showEnvVarsInLog = 0;
		};
		8401C1D951A1DCE79AF0B3C6 /* Copy Pods Resources */ = {
			isa = PBXShellScriptBuildPhase;
			buildActionMask = 2147483647;
			files = (
			);
			inputPaths = (
			);
			name = "Copy Pods Resources";
			outputPaths = (
			);
			runOnlyForDeploymentPostprocessing = 0;
			shellPath = /bin/sh;
			shellScript = "\"${SRCROOT}/Pods/Target Support Files/Pods-ClientBase/Pods-ClientBase-resources.sh\"\n";
			showEnvVarsInLog = 0;
		};
/* End PBXShellScriptBuildPhase section */

/* Begin PBXSourcesBuildPhase section */
		BE3BB7E61B8FC6AF00D6C90D /* Sources */ = {
			isa = PBXSourcesBuildPhase;
			buildActionMask = 2147483647;
			files = (
				BE3BB83A1B90A4EC00D6C90D /* Post.swift in Sources */,
				BE3BB7F21B8FC6AF00D6C90D /* ViewController.swift in Sources */,
				BE3BB8441B90B22200D6C90D /* PostTableViewCell.swift in Sources */,
				BE3BB7F01B8FC6AF00D6C90D /* AppDelegate.swift in Sources */,
				BE3BB83C1B90A4EC00D6C90D /* Subreddit.swift in Sources */,
				BE3BB83E1B90A4FA00D6C90D /* PostRestClient.swift in Sources */,
				BE3BB83B1B90A4EC00D6C90D /* Reddit.swift in Sources */,
				BE3BB84B1B94CC3500D6C90D /* UITableViewExtensions.swift in Sources */,
			);
			runOnlyForDeploymentPostprocessing = 0;
		};
		BE3BB7FB1B8FC6AF00D6C90D /* Sources */ = {
			isa = PBXSourcesBuildPhase;
			buildActionMask = 2147483647;
			files = (
				BE3BB8061B8FC6AF00D6C90D /* ClientBaseTests.swift in Sources */,
			);
			runOnlyForDeploymentPostprocessing = 0;
		};
/* End PBXSourcesBuildPhase section */

/* Begin PBXTargetDependency section */
		BE3BB8011B8FC6AF00D6C90D /* PBXTargetDependency */ = {
			isa = PBXTargetDependency;
			target = BE3BB7E91B8FC6AF00D6C90D /* ClientBase */;
			targetProxy = BE3BB8001B8FC6AF00D6C90D /* PBXContainerItemProxy */;
		};
/* End PBXTargetDependency section */

/* Begin PBXVariantGroup section */
		BE3BB7F31B8FC6AF00D6C90D /* Main.storyboard */ = {
			isa = PBXVariantGroup;
			children = (
				BE3BB7F41B8FC6AF00D6C90D /* Base */,
			);
			name = Main.storyboard;
			sourceTree = "<group>";
		};
		BE3BB7F81B8FC6AF00D6C90D /* LaunchScreen.xib */ = {
			isa = PBXVariantGroup;
			children = (
				BE3BB7F91B8FC6AF00D6C90D /* Base */,
			);
			name = LaunchScreen.xib;
			sourceTree = "<group>";
		};
/* End PBXVariantGroup section */

/* Begin XCBuildConfiguration section */
		BE3BB8071B8FC6AF00D6C90D /* Debug */ = {
			isa = XCBuildConfiguration;
			buildSettings = {
				ALWAYS_SEARCH_USER_PATHS = NO;
				CLANG_CXX_LANGUAGE_STANDARD = "gnu++0x";
				CLANG_CXX_LIBRARY = "libc++";
				CLANG_ENABLE_MODULES = YES;
				CLANG_ENABLE_OBJC_ARC = YES;
				CLANG_WARN_BOOL_CONVERSION = YES;
				CLANG_WARN_CONSTANT_CONVERSION = YES;
				CLANG_WARN_DIRECT_OBJC_ISA_USAGE = YES_ERROR;
				CLANG_WARN_EMPTY_BODY = YES;
				CLANG_WARN_ENUM_CONVERSION = YES;
				CLANG_WARN_INT_CONVERSION = YES;
				CLANG_WARN_OBJC_ROOT_CLASS = YES_ERROR;
				CLANG_WARN_UNREACHABLE_CODE = YES;
				CLANG_WARN__DUPLICATE_METHOD_MATCH = YES;
				"CODE_SIGN_IDENTITY[sdk=iphoneos*]" = "iPhone Developer";
				COPY_PHASE_STRIP = NO;
				DEBUG_INFORMATION_FORMAT = "dwarf-with-dsym";
				ENABLE_STRICT_OBJC_MSGSEND = YES;
				GCC_C_LANGUAGE_STANDARD = gnu99;
				GCC_DYNAMIC_NO_PIC = NO;
				GCC_NO_COMMON_BLOCKS = YES;
				GCC_OPTIMIZATION_LEVEL = 0;
				GCC_PREPROCESSOR_DEFINITIONS = (
					"DEBUG=1",
					"$(inherited)",
				);
				GCC_SYMBOLS_PRIVATE_EXTERN = NO;
				GCC_WARN_64_TO_32_BIT_CONVERSION = YES;
				GCC_WARN_ABOUT_RETURN_TYPE = YES_ERROR;
				GCC_WARN_UNDECLARED_SELECTOR = YES;
				GCC_WARN_UNINITIALIZED_AUTOS = YES_AGGRESSIVE;
				GCC_WARN_UNUSED_FUNCTION = YES;
				GCC_WARN_UNUSED_VARIABLE = YES;
				IPHONEOS_DEPLOYMENT_TARGET = 8.4;
				MTL_ENABLE_DEBUG_INFO = YES;
				ONLY_ACTIVE_ARCH = YES;
				SDKROOT = iphoneos;
				SWIFT_OPTIMIZATION_LEVEL = "-Onone";
				TARGETED_DEVICE_FAMILY = "1,2";
			};
			name = Debug;
		};
		BE3BB8081B8FC6AF00D6C90D /* Release */ = {
			isa = XCBuildConfiguration;
			buildSettings = {
				ALWAYS_SEARCH_USER_PATHS = NO;
				CLANG_CXX_LANGUAGE_STANDARD = "gnu++0x";
				CLANG_CXX_LIBRARY = "libc++";
				CLANG_ENABLE_MODULES = YES;
				CLANG_ENABLE_OBJC_ARC = YES;
				CLANG_WARN_BOOL_CONVERSION = YES;
				CLANG_WARN_CONSTANT_CONVERSION = YES;
				CLANG_WARN_DIRECT_OBJC_ISA_USAGE = YES_ERROR;
				CLANG_WARN_EMPTY_BODY = YES;
				CLANG_WARN_ENUM_CONVERSION = YES;
				CLANG_WARN_INT_CONVERSION = YES;
				CLANG_WARN_OBJC_ROOT_CLASS = YES_ERROR;
				CLANG_WARN_UNREACHABLE_CODE = YES;
				CLANG_WARN__DUPLICATE_METHOD_MATCH = YES;
				"CODE_SIGN_IDENTITY[sdk=iphoneos*]" = "iPhone Developer";
				COPY_PHASE_STRIP = NO;
				DEBUG_INFORMATION_FORMAT = "dwarf-with-dsym";
				ENABLE_NS_ASSERTIONS = NO;
				ENABLE_STRICT_OBJC_MSGSEND = YES;
				GCC_C_LANGUAGE_STANDARD = gnu99;
				GCC_NO_COMMON_BLOCKS = YES;
				GCC_WARN_64_TO_32_BIT_CONVERSION = YES;
				GCC_WARN_ABOUT_RETURN_TYPE = YES_ERROR;
				GCC_WARN_UNDECLARED_SELECTOR = YES;
				GCC_WARN_UNINITIALIZED_AUTOS = YES_AGGRESSIVE;
				GCC_WARN_UNUSED_FUNCTION = YES;
				GCC_WARN_UNUSED_VARIABLE = YES;
				IPHONEOS_DEPLOYMENT_TARGET = 8.4;
				MTL_ENABLE_DEBUG_INFO = NO;
				SDKROOT = iphoneos;
				TARGETED_DEVICE_FAMILY = "1,2";
				VALIDATE_PRODUCT = YES;
			};
			name = Release;
		};
		BE3BB80A1B8FC6AF00D6C90D /* Debug */ = {
			isa = XCBuildConfiguration;
			baseConfigurationReference = BF092E7AF7A59A3C0046F414 /* Pods-ClientBase.debug.xcconfig */;
			buildSettings = {
				ASSETCATALOG_COMPILER_APPICON_NAME = AppIcon;
				INFOPLIST_FILE = ClientBase/Info.plist;
				IPHONEOS_DEPLOYMENT_TARGET = 8.4;
				LD_RUNPATH_SEARCH_PATHS = "$(inherited) @executable_path/Frameworks";
				PRODUCT_NAME = "$(TARGET_NAME)";
			};
			name = Debug;
		};
		BE3BB80B1B8FC6AF00D6C90D /* Release */ = {
			isa = XCBuildConfiguration;
			baseConfigurationReference = 910488C6FDE8A69D19740168 /* Pods-ClientBase.release.xcconfig */;
			buildSettings = {
				ASSETCATALOG_COMPILER_APPICON_NAME = AppIcon;
				INFOPLIST_FILE = ClientBase/Info.plist;
				IPHONEOS_DEPLOYMENT_TARGET = 8.4;
				LD_RUNPATH_SEARCH_PATHS = "$(inherited) @executable_path/Frameworks";
				PRODUCT_NAME = "$(TARGET_NAME)";
			};
			name = Release;
		};
		BE3BB80D1B8FC6AF00D6C90D /* Debug */ = {
			isa = XCBuildConfiguration;
			buildSettings = {
				BUNDLE_LOADER = "$(TEST_HOST)";
				FRAMEWORK_SEARCH_PATHS = (
					"$(SDKROOT)/Developer/Library/Frameworks",
					"$(inherited)",
				);
				GCC_PREPROCESSOR_DEFINITIONS = (
					"DEBUG=1",
					"$(inherited)",
				);
				INFOPLIST_FILE = ClientBaseTests/Info.plist;
				LD_RUNPATH_SEARCH_PATHS = "$(inherited) @executable_path/Frameworks @loader_path/Frameworks";
				PRODUCT_NAME = "$(TARGET_NAME)";
				TEST_HOST = "$(BUILT_PRODUCTS_DIR)/ClientBase.app/ClientBase";
			};
			name = Debug;
		};
		BE3BB80E1B8FC6AF00D6C90D /* Release */ = {
			isa = XCBuildConfiguration;
			buildSettings = {
				BUNDLE_LOADER = "$(TEST_HOST)";
				FRAMEWORK_SEARCH_PATHS = (
					"$(SDKROOT)/Developer/Library/Frameworks",
					"$(inherited)",
				);
				INFOPLIST_FILE = ClientBaseTests/Info.plist;
				LD_RUNPATH_SEARCH_PATHS = "$(inherited) @executable_path/Frameworks @loader_path/Frameworks";
				PRODUCT_NAME = "$(TARGET_NAME)";
				TEST_HOST = "$(BUILT_PRODUCTS_DIR)/ClientBase.app/ClientBase";
			};
			name = Release;
		};
/* End XCBuildConfiguration section */

/* Begin XCConfigurationList section */
		BE3BB7E51B8FC6AF00D6C90D /* Build configuration list for PBXProject "ClientBase" */ = {
			isa = XCConfigurationList;
			buildConfigurations = (
				BE3BB8071B8FC6AF00D6C90D /* Debug */,
				BE3BB8081B8FC6AF00D6C90D /* Release */,
			);
			defaultConfigurationIsVisible = 0;
			defaultConfigurationName = Release;
		};
		BE3BB8091B8FC6AF00D6C90D /* Build configuration list for PBXNativeTarget "ClientBase" */ = {
			isa = XCConfigurationList;
			buildConfigurations = (
				BE3BB80A1B8FC6AF00D6C90D /* Debug */,
				BE3BB80B1B8FC6AF00D6C90D /* Release */,
			);
			defaultConfigurationIsVisible = 0;
			defaultConfigurationName = Release;
		};
		BE3BB80C1B8FC6AF00D6C90D /* Build configuration list for PBXNativeTarget "ClientBaseTests" */ = {
			isa = XCConfigurationList;
			buildConfigurations = (
				BE3BB80D1B8FC6AF00D6C90D /* Debug */,
				BE3BB80E1B8FC6AF00D6C90D /* Release */,
			);
			defaultConfigurationIsVisible = 0;
			defaultConfigurationName = Release;
		};
/* End XCConfigurationList section */
	};
	rootObject = BE3BB7E21B8FC6AF00D6C90D /* Project object */;
}
